
Microsoft Visual Studio Solution File, Format Version 12.00
# Visual Studio Version 16
VisualStudioVersion = 16.0.29411.108
MinimumVisualStudioVersion = 10.0.40219.1
Project("{FAE04EC0-301F-11D3-BF4B-00C04F79EFBC}") = "MovieApp", "MovieApp.csproj", "{409CF10A-D674-452C-B89C-BDEDDFA5D42B}"
EndProject
Global
	GlobalSection(SolutionConfigurationPlatforms) = preSolution
		Debug|Any CPU = Debug|Any CPU
		Release|Any CPU = Release|Any CPU
	EndGlobalSection
	GlobalSection(ProjectConfigurationPlatforms) = postSolution
		{409CF10A-D674-452C-B89C-BDEDDFA5D42B}.Debug|Any CPU.ActiveCfg = Debug|Any CPU
		{409CF10A-D674-452C-B89C-BDEDDFA5D42B}.Debug|Any CPU.Build.0 = Debug|Any CPU
		{409CF10A-D674-452C-B89C-BDEDDFA5D42B}.Release|Any CPU.ActiveCfg = Release|Any CPU
		{409CF10A-D674-452C-B89C-BDEDDFA5D42B}.Release|Any CPU.Build.0 = Release|Any CPU
	EndGlobalSection
	GlobalSection(SolutionProperties) = preSolution
		HideSolutionNode = FALSE
	EndGlobalSection
	GlobalSection(ExtensibilityGlobals) = postSolution
		SolutionGuid = {B3944A51-FB9E-40F3-8B76-85AD3B27D323}
	EndGlobalSection
EndGlobal
